
Microsoft Visual Studio Solution File, Format Version 12.00
Project("{FAE04EC0-301F-11D3-BF4B-00C04F79EFBC}") = "Csbf.Cli", "src\Csbf.Cli\Csbf.Cli.csproj", "{78FEBFEA-EC30-47DB-9008-D31A99BFF71D}"
EndProject
Project("{FAE04EC0-301F-11D3-BF4B-00C04F79EFBC}") = "Csbf.Core", "src\Csbf.Core\Csbf.Core.csproj", "{EA6546FE-3D3D-4E32-B69C-1573CC024343}"
EndProject
Project("{2150E333-8FDC-42A3-9474-1A3956D46DE8}") = "src", "src", "{B58E41A9-5862-4908-9634-4ECAEF43F6FB}"
EndProject
Project("{2150E333-8FDC-42A3-9474-1A3956D46DE8}") = "tests", "tests", "{B8424773-F708-46AD-84D9-0247D4D4E629}"
EndProject
Project("{FAE04EC0-301F-11D3-BF4B-00C04F79EFBC}") = "Csbf.Core.Tests", "tests\Csbf.Core.Tests\Csbf.Core.Tests.csproj", "{5F3CA036-3268-48EA-93AF-C5006689D738}"
EndProject
Project("{FAE04EC0-301F-11D3-BF4B-00C04F79EFBC}") = "Csbf.Debugger", "src\Csbf.Debugger\Csbf.Debugger.csproj", "{DD5993C2-B3F5-471B-8D8E-F32940664F23}"
EndProject
Project("{FAE04EC0-301F-11D3-BF4B-00C04F79EFBC}") = "Csbf.Codegen", "src\Csbf.Codegen\Csbf.Codegen.csproj", "{4C3EC564-1351-4451-BA41-22782F04EF06}"
EndProject
Project("{FAE04EC0-301F-11D3-BF4B-00C04F79EFBC}") = "Csbf.Codegen.Tests", "tests\Csbf.Codegen.Tests\Csbf.Codegen.Tests.csproj", "{2E737C93-5F01-49CF-A6E1-3D0009E62401}"
EndProject
Global
	GlobalSection(SolutionConfigurationPlatforms) = preSolution
		Debug|Any CPU = Debug|Any CPU
		Release|Any CPU = Release|Any CPU
	EndGlobalSection
	GlobalSection(ProjectConfigurationPlatforms) = postSolution
		{78FEBFEA-EC30-47DB-9008-D31A99BFF71D}.Debug|Any CPU.ActiveCfg = Debug|Any CPU
		{78FEBFEA-EC30-47DB-9008-D31A99BFF71D}.Debug|Any CPU.Build.0 = Debug|Any CPU
		{78FEBFEA-EC30-47DB-9008-D31A99BFF71D}.Release|Any CPU.ActiveCfg = Release|Any CPU
		{78FEBFEA-EC30-47DB-9008-D31A99BFF71D}.Release|Any CPU.Build.0 = Release|Any CPU
		{EA6546FE-3D3D-4E32-B69C-1573CC024343}.Debug|Any CPU.ActiveCfg = Debug|Any CPU
		{EA6546FE-3D3D-4E32-B69C-1573CC024343}.Debug|Any CPU.Build.0 = Debug|Any CPU
		{EA6546FE-3D3D-4E32-B69C-1573CC024343}.Release|Any CPU.ActiveCfg = Release|Any CPU
		{EA6546FE-3D3D-4E32-B69C-1573CC024343}.Release|Any CPU.Build.0 = Release|Any CPU
		{5F3CA036-3268-48EA-93AF-C5006689D738}.Debug|Any CPU.ActiveCfg = Debug|Any CPU
		{5F3CA036-3268-48EA-93AF-C5006689D738}.Debug|Any CPU.Build.0 = Debug|Any CPU
		{5F3CA036-3268-48EA-93AF-C5006689D738}.Release|Any CPU.ActiveCfg = Release|Any CPU
		{5F3CA036-3268-48EA-93AF-C5006689D738}.Release|Any CPU.Build.0 = Release|Any CPU
		{DD5993C2-B3F5-471B-8D8E-F32940664F23}.Debug|Any CPU.ActiveCfg = Debug|Any CPU
		{DD5993C2-B3F5-471B-8D8E-F32940664F23}.Debug|Any CPU.Build.0 = Debug|Any CPU
		{DD5993C2-B3F5-471B-8D8E-F32940664F23}.Release|Any CPU.ActiveCfg = Release|Any CPU
		{DD5993C2-B3F5-471B-8D8E-F32940664F23}.Release|Any CPU.Build.0 = Release|Any CPU
		{4C3EC564-1351-4451-BA41-22782F04EF06}.Debug|Any CPU.ActiveCfg = Debug|Any CPU
		{4C3EC564-1351-4451-BA41-22782F04EF06}.Debug|Any CPU.Build.0 = Debug|Any CPU
		{4C3EC564-1351-4451-BA41-22782F04EF06}.Release|Any CPU.ActiveCfg = Release|Any CPU
		{4C3EC564-1351-4451-BA41-22782F04EF06}.Release|Any CPU.Build.0 = Release|Any CPU
		{2E737C93-5F01-49CF-A6E1-3D0009E62401}.Debug|Any CPU.ActiveCfg = Debug|Any CPU
		{2E737C93-5F01-49CF-A6E1-3D0009E62401}.Debug|Any CPU.Build.0 = Debug|Any CPU
		{2E737C93-5F01-49CF-A6E1-3D0009E62401}.Release|Any CPU.ActiveCfg = Release|Any CPU
		{2E737C93-5F01-49CF-A6E1-3D0009E62401}.Release|Any CPU.Build.0 = Release|Any CPU
	EndGlobalSection
	GlobalSection(NestedProjects) = preSolution
		{78FEBFEA-EC30-47DB-9008-D31A99BFF71D} = {B58E41A9-5862-4908-9634-4ECAEF43F6FB}
		{EA6546FE-3D3D-4E32-B69C-1573CC024343} = {B58E41A9-5862-4908-9634-4ECAEF43F6FB}
		{5F3CA036-3268-48EA-93AF-C5006689D738} = {B8424773-F708-46AD-84D9-0247D4D4E629}
		{DD5993C2-B3F5-471B-8D8E-F32940664F23} = {B58E41A9-5862-4908-9634-4ECAEF43F6FB}
		{4C3EC564-1351-4451-BA41-22782F04EF06} = {B58E41A9-5862-4908-9634-4ECAEF43F6FB}
		{2E737C93-5F01-49CF-A6E1-3D0009E62401} = {B8424773-F708-46AD-84D9-0247D4D4E629}
	EndGlobalSection
EndGlobal
